
Microsoft Visual Studio Solution File, Format Version 12.00
# Visual Studio Version 17
VisualStudioVersion = 17.10.34916.146
MinimumVisualStudioVersion = 10.0.40219.1
Project("{FAE04EC0-301F-11D3-BF4B-00C04F79EFBC}") = "Example.Web", "Example.Web\Example.Web.csproj", "{44CC304B-B815-42ED-A4EA-667203E7B19B}"
EndProject
Global
	GlobalSection(SolutionConfigurationPlatforms) = preSolution
		Debug|Any CPU = Debug|Any CPU
		Release|Any CPU = Release|Any CPU
	EndGlobalSection
	GlobalSection(ProjectConfigurationPlatforms) = postSolution
		{44CC304B-B815-42ED-A4EA-667203E7B19B}.Debug|Any CPU.ActiveCfg = Debug|Any CPU
		{44CC304B-B815-42ED-A4EA-667203E7B19B}.Debug|Any CPU.Build.0 = Debug|Any CPU
		{44CC304B-B815-42ED-A4EA-667203E7B19B}.Release|Any CPU.ActiveCfg = Release|Any CPU
		{44CC304B-B815-42ED-A4EA-667203E7B19B}.Release|Any CPU.Build.0 = Release|Any CPU
	EndGlobalSection
	GlobalSection(SolutionProperties) = preSolution
		HideSolutionNode = FALSE
	EndGlobalSection
	GlobalSection(ExtensibilityGlobals) = postSolution
		SolutionGuid = {6BB45429-F0F7-4A2D-B2C4-8A991C990133}
	EndGlobalSection
EndGlobal
